
Microsoft Visual Studio Solution File, Format Version 12.00
# Visual Studio 15
VisualStudioVersion = 15.0.27703.2026
MinimumVisualStudioVersion = 10.0.40219.1
Project("{8BC9CEB8-8B4A-11D0-8D11-00A0C91BC942}") = "DLLInject", "DLLInject\DLLInject.vcxproj", "{C65B629D-43EB-4FC9-BD48-54B28FC70AEC}"
EndProject
Project("{FAE04EC0-301F-11D3-BF4B-00C04F79EFBC}") = "Injector", "ConsoleInjector\Injector.csproj", "{D85B379D-2E8D-466E-BB8E-B6D0A5ECE5DD}"
EndProject
Global
	GlobalSection(SolutionConfigurationPlatforms) = preSolution
		Debug|Any CPU = Debug|Any CPU
		Debug|x64 = Debug|x64
		Debug|x86 = Debug|x86
		Release|Any CPU = Release|Any CPU
		Release|x64 = Release|x64
		Release|x86 = Release|x86
	EndGlobalSection
	GlobalSection(ProjectConfigurationPlatforms) = postSolution
		{C65B629D-43EB-4FC9-BD48-54B28FC70AEC}.Debug|Any CPU.ActiveCfg = Debug|Win32
		{C65B629D-43EB-4FC9-BD48-54B28FC70AEC}.Debug|x64.ActiveCfg = Debug|x64
		{C65B629D-43EB-4FC9-BD48-54B28FC70AEC}.Debug|x64.Build.0 = Debug|x64
		{C65B629D-43EB-4FC9-BD48-54B28FC70AEC}.Debug|x86.ActiveCfg = Debug|Win32
		{C65B629D-43EB-4FC9-BD48-54B28FC70AEC}.Debug|x86.Build.0 = Debug|Win32
		{C65B629D-43EB-4FC9-BD48-54B28FC70AEC}.Release|Any CPU.ActiveCfg = Release|Win32
		{C65B629D-43EB-4FC9-BD48-54B28FC70AEC}.Release|x64.ActiveCfg = Release|x64
		{C65B629D-43EB-4FC9-BD48-54B28FC70AEC}.Release|x64.Build.0 = Release|x64
		{C65B629D-43EB-4FC9-BD48-54B28FC70AEC}.Release|x86.ActiveCfg = Release|Win32
		{C65B629D-43EB-4FC9-BD48-54B28FC70AEC}.Release|x86.Build.0 = Release|Win32
		{D85B379D-2E8D-466E-BB8E-B6D0A5ECE5DD}.Debug|Any CPU.ActiveCfg = Debug|Any CPU
		{D85B379D-2E8D-466E-BB8E-B6D0A5ECE5DD}.Debug|Any CPU.Build.0 = Debug|Any CPU
		{D85B379D-2E8D-466E-BB8E-B6D0A5ECE5DD}.Debug|x64.ActiveCfg = Debug|Any CPU
		{D85B379D-2E8D-466E-BB8E-B6D0A5ECE5DD}.Debug|x64.Build.0 = Debug|Any CPU
		{D85B379D-2E8D-466E-BB8E-B6D0A5ECE5DD}.Debug|x86.ActiveCfg = Debug|Any CPU
		{D85B379D-2E8D-466E-BB8E-B6D0A5ECE5DD}.Debug|x86.Build.0 = Debug|Any CPU
		{D85B379D-2E8D-466E-BB8E-B6D0A5ECE5DD}.Release|Any CPU.ActiveCfg = Release|Any CPU
		{D85B379D-2E8D-466E-BB8E-B6D0A5ECE5DD}.Release|Any CPU.Build.0 = Release|Any CPU
		{D85B379D-2E8D-466E-BB8E-B6D0A5ECE5DD}.Release|x64.ActiveCfg = Release|Any CPU
		{D85B379D-2E8D-466E-BB8E-B6D0A5ECE5DD}.Release|x64.Build.0 = Release|Any CPU
		{D85B379D-2E8D-466E-BB8E-B6D0A5ECE5DD}.Release|x86.ActiveCfg = Release|Any CPU
		{D85B379D-2E8D-466E-BB8E-B6D0A5ECE5DD}.Release|x86.Build.0 = Release|Any CPU
	EndGlobalSection
	GlobalSection(SolutionProperties) = preSolution
		HideSolutionNode = FALSE
	EndGlobalSection
	GlobalSection(ExtensibilityGlobals) = postSolution
		SolutionGuid = {D6AEB8B6-05E0-4457-8C62-649A61F8497F}
	EndGlobalSection
EndGlobal
