
Microsoft Visual Studio Solution File, Format Version 12.00
# Visual Studio Version 17
VisualStudioVersion = 17.0.32014.148
MinimumVisualStudioVersion = 10.0.40219.1
Project("{FAE04EC0-301F-11D3-BF4B-00C04F79EFBC}") = "Injector", "ConsoleInjector\Injector.csproj", "{D85B379D-2E8D-466E-BB8E-B6D0A5ECE5DD}"
EndProject
Project("{8BC9CEB8-8B4A-11D0-8D11-00A0C91BC942}") = "TestDll", "TestDll\TestDll.vcxproj", "{A69AEC41-CBBF-4A07-83D5-8D0CA92C4468}"
EndProject
Project("{FAE04EC0-301F-11D3-BF4B-00C04F79EFBC}") = "MemoryWorker", "MemoryWorker\MemoryWorker.csproj", "{1419EB8D-525E-435C-A60B-95381F1D2D17}"
EndProject
Global
	GlobalSection(SolutionConfigurationPlatforms) = preSolution
		Debug|Any CPU = Debug|Any CPU
		Debug|x64 = Debug|x64
		Debug|x86 = Debug|x86
		Release|Any CPU = Release|Any CPU
		Release|x64 = Release|x64
		Release|x86 = Release|x86
	EndGlobalSection
	GlobalSection(ProjectConfigurationPlatforms) = postSolution
		{D85B379D-2E8D-466E-BB8E-B6D0A5ECE5DD}.Debug|Any CPU.ActiveCfg = Debug|Any CPU
		{D85B379D-2E8D-466E-BB8E-B6D0A5ECE5DD}.Debug|Any CPU.Build.0 = Debug|Any CPU
		{D85B379D-2E8D-466E-BB8E-B6D0A5ECE5DD}.Debug|x64.ActiveCfg = Debug|Any CPU
		{D85B379D-2E8D-466E-BB8E-B6D0A5ECE5DD}.Debug|x64.Build.0 = Debug|Any CPU
		{D85B379D-2E8D-466E-BB8E-B6D0A5ECE5DD}.Debug|x86.ActiveCfg = Debug|Any CPU
		{D85B379D-2E8D-466E-BB8E-B6D0A5ECE5DD}.Debug|x86.Build.0 = Debug|Any CPU
		{D85B379D-2E8D-466E-BB8E-B6D0A5ECE5DD}.Release|Any CPU.ActiveCfg = Release|Any CPU
		{D85B379D-2E8D-466E-BB8E-B6D0A5ECE5DD}.Release|Any CPU.Build.0 = Release|Any CPU
		{D85B379D-2E8D-466E-BB8E-B6D0A5ECE5DD}.Release|x64.ActiveCfg = Release|Any CPU
		{D85B379D-2E8D-466E-BB8E-B6D0A5ECE5DD}.Release|x64.Build.0 = Release|Any CPU
		{D85B379D-2E8D-466E-BB8E-B6D0A5ECE5DD}.Release|x86.ActiveCfg = Release|Any CPU
		{D85B379D-2E8D-466E-BB8E-B6D0A5ECE5DD}.Release|x86.Build.0 = Release|Any CPU
		{A69AEC41-CBBF-4A07-83D5-8D0CA92C4468}.Debug|Any CPU.ActiveCfg = Debug|x64
		{A69AEC41-CBBF-4A07-83D5-8D0CA92C4468}.Debug|Any CPU.Build.0 = Debug|x64
		{A69AEC41-CBBF-4A07-83D5-8D0CA92C4468}.Debug|x64.ActiveCfg = Debug|x64
		{A69AEC41-CBBF-4A07-83D5-8D0CA92C4468}.Debug|x64.Build.0 = Debug|x64
		{A69AEC41-CBBF-4A07-83D5-8D0CA92C4468}.Debug|x86.ActiveCfg = Debug|Win32
		{A69AEC41-CBBF-4A07-83D5-8D0CA92C4468}.Debug|x86.Build.0 = Debug|Win32
		{A69AEC41-CBBF-4A07-83D5-8D0CA92C4468}.Release|Any CPU.ActiveCfg = Release|x64
		{A69AEC41-CBBF-4A07-83D5-8D0CA92C4468}.Release|Any CPU.Build.0 = Release|x64
		{A69AEC41-CBBF-4A07-83D5-8D0CA92C4468}.Release|x64.ActiveCfg = Release|x64
		{A69AEC41-CBBF-4A07-83D5-8D0CA92C4468}.Release|x64.Build.0 = Release|x64
		{A69AEC41-CBBF-4A07-83D5-8D0CA92C4468}.Release|x86.ActiveCfg = Release|Win32
		{A69AEC41-CBBF-4A07-83D5-8D0CA92C4468}.Release|x86.Build.0 = Release|Win32
		{1419EB8D-525E-435C-A60B-95381F1D2D17}.Debug|Any CPU.ActiveCfg = Debug|Any CPU
		{1419EB8D-525E-435C-A60B-95381F1D2D17}.Debug|Any CPU.Build.0 = Debug|Any CPU
		{1419EB8D-525E-435C-A60B-95381F1D2D17}.Debug|x64.ActiveCfg = Debug|Any CPU
		{1419EB8D-525E-435C-A60B-95381F1D2D17}.Debug|x64.Build.0 = Debug|Any CPU
		{1419EB8D-525E-435C-A60B-95381F1D2D17}.Debug|x86.ActiveCfg = Debug|Any CPU
		{1419EB8D-525E-435C-A60B-95381F1D2D17}.Debug|x86.Build.0 = Debug|Any CPU
		{1419EB8D-525E-435C-A60B-95381F1D2D17}.Release|Any CPU.ActiveCfg = Release|Any CPU
		{1419EB8D-525E-435C-A60B-95381F1D2D17}.Release|Any CPU.Build.0 = Release|Any CPU
		{1419EB8D-525E-435C-A60B-95381F1D2D17}.Release|x64.ActiveCfg = Release|Any CPU
		{1419EB8D-525E-435C-A60B-95381F1D2D17}.Release|x64.Build.0 = Release|Any CPU
		{1419EB8D-525E-435C-A60B-95381F1D2D17}.Release|x86.ActiveCfg = Release|Any CPU
		{1419EB8D-525E-435C-A60B-95381F1D2D17}.Release|x86.Build.0 = Release|Any CPU
	EndGlobalSection
	GlobalSection(SolutionProperties) = preSolution
		HideSolutionNode = FALSE
	EndGlobalSection
	GlobalSection(ExtensibilityGlobals) = postSolution
		SolutionGuid = {D6AEB8B6-05E0-4457-8C62-649A61F8497F}
	EndGlobalSection
EndGlobal
